
Microsoft Visual Studio Solution File, Format Version 12.00
# Visual Studio Version 17
VisualStudioVersion = 17.4.33103.184
MinimumVisualStudioVersion = 10.0.40219.1
Project("{9A19103F-16F7-4668-BE54-9A1E7A4F7556}") = "ByteBank", "Banco_ImaSharps\ByteBank.csproj", "{6E561914-7067-40B4-9EAF-59B28FC2DBDD}"
EndProject
Global
	GlobalSection(SolutionConfigurationPlatforms) = preSolution
		Debug|Any CPU = Debug|Any CPU
		Release|Any CPU = Release|Any CPU
	EndGlobalSection
	GlobalSection(ProjectConfigurationPlatforms) = postSolution
		{6E561914-7067-40B4-9EAF-59B28FC2DBDD}.Debug|Any CPU.ActiveCfg = Debug|Any CPU
		{6E561914-7067-40B4-9EAF-59B28FC2DBDD}.Debug|Any CPU.Build.0 = Debug|Any CPU
		{6E561914-7067-40B4-9EAF-59B28FC2DBDD}.Release|Any CPU.ActiveCfg = Release|Any CPU
		{6E561914-7067-40B4-9EAF-59B28FC2DBDD}.Release|Any CPU.Build.0 = Release|Any CPU
	EndGlobalSection
	GlobalSection(SolutionProperties) = preSolution
		HideSolutionNode = FALSE
	EndGlobalSection
	GlobalSection(ExtensibilityGlobals) = postSolution
		SolutionGuid = {D7F6ED2C-5AE2-4686-87F3-5F84FFABBC3E}
	EndGlobalSection
EndGlobal
